
Microsoft Visual Studio Solution File, Format Version 12.00
# Visual Studio Version 17
VisualStudioVersion = 17.9.34622.214
MinimumVisualStudioVersion = 10.0.40219.1
Project("{FAE04EC0-301F-11D3-BF4B-00C04F79EFBC}") = "LojaCrud", "LojaCrud\LojaCrud.csproj", "{AAB7B25B-F7A9-4F37-AAC7-9F7AF1AB1C96}"
EndProject
Global
	GlobalSection(SolutionConfigurationPlatforms) = preSolution
		Debug|Any CPU = Debug|Any CPU
		Release|Any CPU = Release|Any CPU
	EndGlobalSection
	GlobalSection(ProjectConfigurationPlatforms) = postSolution
		{AAB7B25B-F7A9-4F37-AAC7-9F7AF1AB1C96}.Debug|Any CPU.ActiveCfg = Debug|Any CPU
		{AAB7B25B-F7A9-4F37-AAC7-9F7AF1AB1C96}.Debug|Any CPU.Build.0 = Debug|Any CPU
		{AAB7B25B-F7A9-4F37-AAC7-9F7AF1AB1C96}.Release|Any CPU.ActiveCfg = Release|Any CPU
		{AAB7B25B-F7A9-4F37-AAC7-9F7AF1AB1C96}.Release|Any CPU.Build.0 = Release|Any CPU
	EndGlobalSection
	GlobalSection(SolutionProperties) = preSolution
		HideSolutionNode = FALSE
	EndGlobalSection
	GlobalSection(ExtensibilityGlobals) = postSolution
		SolutionGuid = {00FA94B0-E7DC-4A65-9F9B-D3394D89FDAE}
	EndGlobalSection
EndGlobal
